
Microsoft Visual Studio Solution File, Format Version 12.00
# Visual Studio 15
VisualStudioVersion = 15.0.28307.960
MinimumVisualStudioVersion = 10.0.40219.1
Project("{FAE04EC0-301F-11D3-BF4B-00C04F79EFBC}") = "SS-Contacts-API", "SS-Contacts-API\SS-Contacts-API.csproj", "{DDF77EFA-CC27-4D79-A353-32AA1CE5F7B6}"
EndProject
Global
	GlobalSection(SolutionConfigurationPlatforms) = preSolution
		Debug|Any CPU = Debug|Any CPU
		Release|Any CPU = Release|Any CPU
	EndGlobalSection
	GlobalSection(ProjectConfigurationPlatforms) = postSolution
		{DDF77EFA-CC27-4D79-A353-32AA1CE5F7B6}.Debug|Any CPU.ActiveCfg = Debug|Any CPU
		{DDF77EFA-CC27-4D79-A353-32AA1CE5F7B6}.Debug|Any CPU.Build.0 = Debug|Any CPU
		{DDF77EFA-CC27-4D79-A353-32AA1CE5F7B6}.Release|Any CPU.ActiveCfg = Release|Any CPU
		{DDF77EFA-CC27-4D79-A353-32AA1CE5F7B6}.Release|Any CPU.Build.0 = Release|Any CPU
	EndGlobalSection
	GlobalSection(SolutionProperties) = preSolution
		HideSolutionNode = FALSE
	EndGlobalSection
	GlobalSection(ExtensibilityGlobals) = postSolution
		SolutionGuid = {6258C426-4C94-4042-9D6E-044DC00A9653}
	EndGlobalSection
EndGlobal
